
Microsoft Visual Studio Solution File, Format Version 12.00
# Visual Studio Version 17
VisualStudioVersion = 17.8.34511.84
MinimumVisualStudioVersion = 10.0.40219.1
Project("{9A19103F-16F7-4668-BE54-9A1E7A4F7556}") = "DataAccess", "DataAccess\DataAccess.csproj", "{B06C3BA7-C4E6-4CC3-A40F-58558985A614}"
EndProject
Project("{9A19103F-16F7-4668-BE54-9A1E7A4F7556}") = "Shared", "Shared\Shared.csproj", "{AF78B5AA-C8DC-4A54-B0CA-D05A8291497E}"
EndProject
Project("{9A19103F-16F7-4668-BE54-9A1E7A4F7556}") = "ApiUl", "ApiUl\ApiUl.csproj", "{8EA0DD39-3318-4952-9D5B-82A736FF2D9E}"
EndProject
Project("{9A19103F-16F7-4668-BE54-9A1E7A4F7556}") = "Business", "Business\Business.csproj", "{8F40E6F0-4429-4406-A670-EB84C7CDA477}"
EndProject
Project("{FAE04EC0-301F-11D3-BF4B-00C04F79EFBC}") = "AdminUI", "AdminUI\AdminUI.csproj", "{2C567791-B01C-4939-9C8D-66CDFB7F4351}"
EndProject
Project("{2150E333-8FDC-42A3-9474-1A3956D46DE8}") = "Admin", "Admin", "{07786429-E74C-484B-A5C1-64DF2BC21000}"
EndProject
Project("{2150E333-8FDC-42A3-9474-1A3956D46DE8}") = "Web", "Web", "{201A1293-C60F-4997-89A8-242D12B12D7E}"
EndProject
Project("{2150E333-8FDC-42A3-9474-1A3956D46DE8}") = "Api", "Api", "{51EC7A4C-2115-4824-947D-EBF16B2F53AD}"
EndProject
Global
	GlobalSection(SolutionConfigurationPlatforms) = preSolution
		Debug|Any CPU = Debug|Any CPU
		Release|Any CPU = Release|Any CPU
	EndGlobalSection
	GlobalSection(ProjectConfigurationPlatforms) = postSolution
		{B06C3BA7-C4E6-4CC3-A40F-58558985A614}.Debug|Any CPU.ActiveCfg = Debug|Any CPU
		{B06C3BA7-C4E6-4CC3-A40F-58558985A614}.Debug|Any CPU.Build.0 = Debug|Any CPU
		{B06C3BA7-C4E6-4CC3-A40F-58558985A614}.Release|Any CPU.ActiveCfg = Release|Any CPU
		{B06C3BA7-C4E6-4CC3-A40F-58558985A614}.Release|Any CPU.Build.0 = Release|Any CPU
		{AF78B5AA-C8DC-4A54-B0CA-D05A8291497E}.Debug|Any CPU.ActiveCfg = Debug|Any CPU
		{AF78B5AA-C8DC-4A54-B0CA-D05A8291497E}.Debug|Any CPU.Build.0 = Debug|Any CPU
		{AF78B5AA-C8DC-4A54-B0CA-D05A8291497E}.Release|Any CPU.ActiveCfg = Release|Any CPU
		{AF78B5AA-C8DC-4A54-B0CA-D05A8291497E}.Release|Any CPU.Build.0 = Release|Any CPU
		{8EA0DD39-3318-4952-9D5B-82A736FF2D9E}.Debug|Any CPU.ActiveCfg = Debug|Any CPU
		{8EA0DD39-3318-4952-9D5B-82A736FF2D9E}.Debug|Any CPU.Build.0 = Debug|Any CPU
		{8EA0DD39-3318-4952-9D5B-82A736FF2D9E}.Release|Any CPU.ActiveCfg = Release|Any CPU
		{8EA0DD39-3318-4952-9D5B-82A736FF2D9E}.Release|Any CPU.Build.0 = Release|Any CPU
		{8F40E6F0-4429-4406-A670-EB84C7CDA477}.Debug|Any CPU.ActiveCfg = Debug|Any CPU
		{8F40E6F0-4429-4406-A670-EB84C7CDA477}.Debug|Any CPU.Build.0 = Debug|Any CPU
		{8F40E6F0-4429-4406-A670-EB84C7CDA477}.Release|Any CPU.ActiveCfg = Release|Any CPU
		{8F40E6F0-4429-4406-A670-EB84C7CDA477}.Release|Any CPU.Build.0 = Release|Any CPU
		{2C567791-B01C-4939-9C8D-66CDFB7F4351}.Debug|Any CPU.ActiveCfg = Debug|Any CPU
		{2C567791-B01C-4939-9C8D-66CDFB7F4351}.Debug|Any CPU.Build.0 = Debug|Any CPU
		{2C567791-B01C-4939-9C8D-66CDFB7F4351}.Release|Any CPU.ActiveCfg = Release|Any CPU
		{2C567791-B01C-4939-9C8D-66CDFB7F4351}.Release|Any CPU.Build.0 = Release|Any CPU
	EndGlobalSection
	GlobalSection(SolutionProperties) = preSolution
		HideSolutionNode = FALSE
	EndGlobalSection
	GlobalSection(NestedProjects) = preSolution
		{B06C3BA7-C4E6-4CC3-A40F-58558985A614} = {51EC7A4C-2115-4824-947D-EBF16B2F53AD}
		{8EA0DD39-3318-4952-9D5B-82A736FF2D9E} = {51EC7A4C-2115-4824-947D-EBF16B2F53AD}
		{8F40E6F0-4429-4406-A670-EB84C7CDA477} = {51EC7A4C-2115-4824-947D-EBF16B2F53AD}
		{2C567791-B01C-4939-9C8D-66CDFB7F4351} = {07786429-E74C-484B-A5C1-64DF2BC21000}
	EndGlobalSection
	GlobalSection(ExtensibilityGlobals) = postSolution
		SolutionGuid = {EED0B4D5-C54A-4A74-9B92-9A103DA83D8F}
	EndGlobalSection
EndGlobal
